
Microsoft Visual Studio Solution File, Format Version 12.00
# Visual Studio Version 16
VisualStudioVersion = 16.0.28803.352
MinimumVisualStudioVersion = 10.0.40219.1
Project("{9A19103F-16F7-4668-BE54-9A1E7A4F7556}") = "vega", "vega.csproj", "{3326134E-9556-4DF6-ADC3-BD806FFEAEFE}"
EndProject
Global
	GlobalSection(SolutionConfigurationPlatforms) = preSolution
		Debug|Any CPU = Debug|Any CPU
		Release|Any CPU = Release|Any CPU
	EndGlobalSection
	GlobalSection(ProjectConfigurationPlatforms) = postSolution
		{3326134E-9556-4DF6-ADC3-BD806FFEAEFE}.Debug|Any CPU.ActiveCfg = Debug|Any CPU
		{3326134E-9556-4DF6-ADC3-BD806FFEAEFE}.Debug|Any CPU.Build.0 = Debug|Any CPU
		{3326134E-9556-4DF6-ADC3-BD806FFEAEFE}.Release|Any CPU.ActiveCfg = Release|Any CPU
		{3326134E-9556-4DF6-ADC3-BD806FFEAEFE}.Release|Any CPU.Build.0 = Release|Any CPU
	EndGlobalSection
	GlobalSection(SolutionProperties) = preSolution
		HideSolutionNode = FALSE
	EndGlobalSection
	GlobalSection(ExtensibilityGlobals) = postSolution
		SolutionGuid = {4002FDBC-AB1A-4F74-8D23-6BC619D022F5}
	EndGlobalSection
EndGlobal
